
Microsoft Visual Studio Solution File, Format Version 12.00
# Visual Studio Version 17
VisualStudioVersion = 17.0.32112.339
MinimumVisualStudioVersion = 10.0.40219.1
Project("{9A19103F-16F7-4668-BE54-9A1E7A4F7556}") = "gRPC_Client", "gRPC_Client.csproj", "{F1024A59-D39A-4D68-ACB0-F645B01E8EB3}"
EndProject
Project("{9A19103F-16F7-4668-BE54-9A1E7A4F7556}") = "gRPC_Client_Server", "..\gRPC_Client_Server\gRPC_Client_Server.csproj", "{E0B8D49E-C444-4B24-A1D5-2BFB779773CC}"
EndProject
Global
	GlobalSection(SolutionConfigurationPlatforms) = preSolution
		Debug|Any CPU = Debug|Any CPU
		Release|Any CPU = Release|Any CPU
	EndGlobalSection
	GlobalSection(ProjectConfigurationPlatforms) = postSolution
		{F1024A59-D39A-4D68-ACB0-F645B01E8EB3}.Debug|Any CPU.ActiveCfg = Debug|Any CPU
		{F1024A59-D39A-4D68-ACB0-F645B01E8EB3}.Debug|Any CPU.Build.0 = Debug|Any CPU
		{F1024A59-D39A-4D68-ACB0-F645B01E8EB3}.Release|Any CPU.ActiveCfg = Release|Any CPU
		{F1024A59-D39A-4D68-ACB0-F645B01E8EB3}.Release|Any CPU.Build.0 = Release|Any CPU
		{E0B8D49E-C444-4B24-A1D5-2BFB779773CC}.Debug|Any CPU.ActiveCfg = Debug|Any CPU
		{E0B8D49E-C444-4B24-A1D5-2BFB779773CC}.Debug|Any CPU.Build.0 = Debug|Any CPU
		{E0B8D49E-C444-4B24-A1D5-2BFB779773CC}.Release|Any CPU.ActiveCfg = Release|Any CPU
		{E0B8D49E-C444-4B24-A1D5-2BFB779773CC}.Release|Any CPU.Build.0 = Release|Any CPU
	EndGlobalSection
	GlobalSection(SolutionProperties) = preSolution
		HideSolutionNode = FALSE
	EndGlobalSection
	GlobalSection(ExtensibilityGlobals) = postSolution
		SolutionGuid = {FB7761C0-20FB-4552-A6DE-FCC8F5D35CAA}
	EndGlobalSection
EndGlobal
